
Microsoft Visual Studio Solution File, Format Version 12.00
# Visual Studio 15
Project("{FAE04EC0-301F-11D3-BF4B-00C04F79EFBC}") = "Virtual-Studio", "Assembly-CSharp.csproj", "{D3159C96-0865-3599-4C6E-D3308C0DA905}"
EndProject
Project("{FAE04EC0-301F-11D3-BF4B-00C04F79EFBC}") = "Virtual-Studio", "Assembly-CSharp-Editor.csproj", "{929FC2A4-977B-ECA7-D73C-B9BC57449F49}"
EndProject
Global
	GlobalSection(SolutionConfigurationPlatforms) = preSolution
		Debug|Any CPU = Debug|Any CPU
		Release|Any CPU = Release|Any CPU
	EndGlobalSection
	GlobalSection(ProjectConfigurationPlatforms) = postSolution
		{D3159C96-0865-3599-4C6E-D3308C0DA905}.Debug|Any CPU.ActiveCfg = Debug|Any CPU
		{D3159C96-0865-3599-4C6E-D3308C0DA905}.Debug|Any CPU.Build.0 = Debug|Any CPU
		{D3159C96-0865-3599-4C6E-D3308C0DA905}.Release|Any CPU.ActiveCfg = Release|Any CPU
		{D3159C96-0865-3599-4C6E-D3308C0DA905}.Release|Any CPU.Build.0 = Release|Any CPU
		{929FC2A4-977B-ECA7-D73C-B9BC57449F49}.Debug|Any CPU.ActiveCfg = Debug|Any CPU
		{929FC2A4-977B-ECA7-D73C-B9BC57449F49}.Debug|Any CPU.Build.0 = Debug|Any CPU
		{929FC2A4-977B-ECA7-D73C-B9BC57449F49}.Release|Any CPU.ActiveCfg = Release|Any CPU
		{929FC2A4-977B-ECA7-D73C-B9BC57449F49}.Release|Any CPU.Build.0 = Release|Any CPU
	EndGlobalSection
	GlobalSection(SolutionProperties) = preSolution
		HideSolutionNode = FALSE
	EndGlobalSection
EndGlobal
